
Microsoft Visual Studio Solution File, Format Version 12.00
# Visual Studio Version 16
VisualStudioVersion = 16.0.31911.196
MinimumVisualStudioVersion = 10.0.40219.1
Project("{9A19103F-16F7-4668-BE54-9A1E7A4F7556}") = "opgave4", "opgave4.csproj", "{B30EBE99-F49E-4FBC-9F43-5ED89632B4F5}"
EndProject
Project("{FAE04EC0-301F-11D3-BF4B-00C04F79EFBC}") = "opgave4Tests", "..\opgave4Tests\opgave4Tests.csproj", "{BD51307C-1456-403C-9824-0F95164E5268}"
EndProject
Global
	GlobalSection(SolutionConfigurationPlatforms) = preSolution
		Debug|Any CPU = Debug|Any CPU
		Release|Any CPU = Release|Any CPU
	EndGlobalSection
	GlobalSection(ProjectConfigurationPlatforms) = postSolution
		{B30EBE99-F49E-4FBC-9F43-5ED89632B4F5}.Debug|Any CPU.ActiveCfg = Debug|Any CPU
		{B30EBE99-F49E-4FBC-9F43-5ED89632B4F5}.Debug|Any CPU.Build.0 = Debug|Any CPU
		{B30EBE99-F49E-4FBC-9F43-5ED89632B4F5}.Release|Any CPU.ActiveCfg = Release|Any CPU
		{B30EBE99-F49E-4FBC-9F43-5ED89632B4F5}.Release|Any CPU.Build.0 = Release|Any CPU
		{BD51307C-1456-403C-9824-0F95164E5268}.Debug|Any CPU.ActiveCfg = Debug|Any CPU
		{BD51307C-1456-403C-9824-0F95164E5268}.Debug|Any CPU.Build.0 = Debug|Any CPU
		{BD51307C-1456-403C-9824-0F95164E5268}.Release|Any CPU.ActiveCfg = Release|Any CPU
		{BD51307C-1456-403C-9824-0F95164E5268}.Release|Any CPU.Build.0 = Release|Any CPU
	EndGlobalSection
	GlobalSection(SolutionProperties) = preSolution
		HideSolutionNode = FALSE
	EndGlobalSection
	GlobalSection(ExtensibilityGlobals) = postSolution
		SolutionGuid = {A425109F-9C0E-4FE4-B75C-00ED1371C2CB}
	EndGlobalSection
EndGlobal
